<?xml version="1.0" encoding="utf-8"?>
<Project ToolsVersion="4.0" xmlns="http://schemas.microsoft.com/developer/msbuild/2003">
  <ItemGroup>
    <Filter Include="Resource Files">
      <UniqueIdentifier>{67DA6AB6-F800-4c08-8B7A-83BB121AAD01}</UniqueIdentifier>
      <Extensions>rc;ico;cur;bmp;dlg;rc2;rct;bin;rgs;gif;jpg;jpeg;jpe;resx;tiff;tif;png;wav;mfcribbon-ms</Extensions>
    </Filter>
    <Filter Include="Header Files">
      <UniqueIdentifier>{19afc2ef-5412-4d6f-b6db-3f8e14e3765b}</UniqueIdentifier>
    </Filter>
    <Filter Include="Source Files">
      <UniqueIdentifier>{9967f2e5-91ec-4a03-8195-4fab88564a02}</UniqueIdentifier>
    </Filter>
    <Filter Include="Header Files\MathLib">
      <UniqueIdentifier>{2832b72e-a993-403e-a597-00dcb81af9a1}</UniqueIdentifier>
    </Filter>
    <Filter Include="Header Files\imgui">
      <UniqueIdentifier>{5aff77f5-1f75-42aa-aeee-ceae156f4f40}</UniqueIdentifier>
    </Filter>
    <Filter Include="Header Files\EntitySystem">
      <UniqueIdentifier>{ae0d87ca-3d4f-4acf-af71-dec95721e338}</UniqueIdentifier>
    </Filter>
    <Filter Include="Source Files\EntitySystem">
      <UniqueIdentifier>{09ef2fe0-74b5-4b5b-a9b3-8c78fff95012}</UniqueIdentifier>
    </Filter>
    <Filter Include="Header Files\EntitySystem\Components">
      <UniqueIdentifier>{fc0fd6fd-8526-48c1-8ca0-080f6d8897b1}</UniqueIdentifier>
    </Filter>
    <Filter Include="Source Files\EntitySystem\Components">
      <UniqueIdentifier>{2777cb9e-76d0-4ca7-a11e-c621285cff97}</UniqueIdentifier>
    </Filter>
    <Filter Include="Header Files\EntitySystem\Base">
      <UniqueIdentifier>{12568993-92f9-44c0-a9e6-040bc5d49c02}</UniqueIdentifier>
    </Filter>
    <Filter Include="Source Files\EntitySystem\Base">
      <UniqueIdentifier>{a4c909bd-72d9-4088-a403-c31c3aaaaa11}</UniqueIdentifier>
    </Filter>
    <Filter Include="Header Files\EntitySystem\Systems">
      <UniqueIdentifier>{26898cf8-84de-4b21-8305-76ef4f36890d}</UniqueIdentifier>
    </Filter>
    <Filter Include="Source Files\EntitySystem\Systems">
      <UniqueIdentifier>{540b1d47-4df1-4f28-b10c-c7e3034c278c}</UniqueIdentifier>
    </Filter>
  </ItemGroup>
  <ItemGroup>
    <ClCompile Include="Game.cpp">
      <Filter>Source Files</Filter>
    </ClCompile>
    <ClCompile Include="main.cpp">
      <Filter>Source Files</Filter>
    </ClCompile>
    <ClCompile Include="Timer.cpp">
      <Filter>Source Files</Filter>
    </ClCompile>
    <ClCompile Include="Transform.cpp">
      <Filter>Source Files</Filter>
    </ClCompile>
    <ClCompile Include="Mesh.cpp">
      <Filter>Source Files</Filter>
    </ClCompile>
    <ClCompile Include="ShaderProgram.cpp">
      <Filter>Source Files</Filter>
    </ClCompile>
    <ClCompile Include="GameObject.cpp">
      <Filter>Source Files</Filter>
    </ClCompile>
    <ClCompile Include="ObjectLoader.cpp">
      <Filter>Source Files</Filter>
    </ClCompile>
    <ClCompile Include="Bounds.cpp">
      <Filter>Source Files</Filter>
    </ClCompile>
    <ClCompile Include="ColliderBounds.cpp">
      <Filter>Source Files</Filter>
    </ClCompile>
    <ClCompile Include="PhysicsBody.cpp">
      <Filter>Source Files</Filter>
    </ClCompile>
    <ClCompile Include="include\MathLib\Matrix33.cpp">
      <Filter>Header Files\MathLib</Filter>
    </ClCompile>
    <ClCompile Include="include\MathLib\Matrix44.cpp">
      <Filter>Header Files\MathLib</Filter>
    </ClCompile>
    <ClCompile Include="include\MathLib\Vector2.cpp">
      <Filter>Header Files\MathLib</Filter>
    </ClCompile>
    <ClCompile Include="include\MathLib\Vector3.cpp">
      <Filter>Header Files\MathLib</Filter>
    </ClCompile>
    <ClCompile Include="include\MathLib\Vector4.cpp">
      <Filter>Header Files\MathLib</Filter>
    </ClCompile>
    <ClCompile Include="Texture.cpp">
      <Filter>Source Files</Filter>
    </ClCompile>
    <ClCompile Include="include\imgui\imgui.cpp">
      <Filter>Header Files\imgui</Filter>
    </ClCompile>
    <ClCompile Include="include\imgui\imgui_demo.cpp">
      <Filter>Header Files\imgui</Filter>
    </ClCompile>
    <ClCompile Include="include\imgui\imgui_draw.cpp">
      <Filter>Header Files\imgui</Filter>
    </ClCompile>
    <ClCompile Include="include\imgui\imgui_impl_freeglut.cpp">
      <Filter>Header Files\imgui</Filter>
    </ClCompile>
    <ClCompile Include="include\imgui\imgui_widgets.cpp">
      <Filter>Header Files\imgui</Filter>
    </ClCompile>
    <ClCompile Include="GUIHelper.cpp">
      <Filter>Header Files\imgui</Filter>
    </ClCompile>
    <ClCompile Include="include\imgui\imgui_impl_opengl3.cpp">
      <Filter>Header Files\imgui</Filter>
    </ClCompile>
    <ClCompile Include="Light.cpp">
      <Filter>Source Files</Filter>
    </ClCompile>
    <ClCompile Include="PhysicsManager.cpp">
      <Filter>Source Files</Filter>
    </ClCompile>
    <ClCompile Include="ParticleEmitter.cpp">
      <Filter>Source Files</Filter>
    </ClCompile>
    <ClCompile Include="Animation.cpp">
      <Filter>Source Files</Filter>
    </ClCompile>
    <ClCompile Include="Entity.cpp">
      <Filter>Source Files\EntitySystem\Base</Filter>
    </ClCompile>
    <ClCompile Include="EntityManager.cpp">
      <Filter>Source Files\EntitySystem\Base</Filter>
    </ClCompile>
    <ClCompile Include="Component.cpp">
      <Filter>Source Files\EntitySystem\Components</Filter>
    </ClCompile>
    <ClCompile Include="System.cpp">
      <Filter>Source Files\EntitySystem\Systems</Filter>
    </ClCompile>
    <ClCompile Include="TransformComponent.cpp">
      <Filter>Source Files\EntitySystem\Components</Filter>
    </ClCompile>
    <ClCompile Include="PhysicsBodyComponent.cpp">
      <Filter>Source Files\EntitySystem\Components</Filter>
    </ClCompile>
    <ClCompile Include="MeshRendererComponent.cpp">
      <Filter>Source Files\EntitySystem\Components</Filter>
    </ClCompile>
    <ClCompile Include="MeshRendererSystem.cpp">
      <Filter>Source Files\EntitySystem\Systems</Filter>
    </ClCompile>
    <ClCompile Include="TransformSystem.cpp">
      <Filter>Source Files\EntitySystem\Systems</Filter>
    </ClCompile>
    <ClCompile Include="PhysicsSystem.cpp">
      <Filter>Source Files\EntitySystem\Systems</Filter>
    </ClCompile>
    <ClCompile Include="EntityFactory.cpp">
      <Filter>Source Files\EntitySystem\Base</Filter>
    </ClCompile>
    <ClCompile Include="CameraComponent.cpp">
      <Filter>Source Files\EntitySystem\Components</Filter>
    </ClCompile>
    <ClCompile Include="include\MathLib\MathLibCore.cpp">
      <Filter>Header Files\MathLib</Filter>
    </ClCompile>
    <ClCompile Include="LightComponent.cpp">
      <Filter>Source Files\EntitySystem\Components</Filter>
    </ClCompile>
    <ClCompile Include="Scene.cpp">
      <Filter>Source Files</Filter>
    </ClCompile>
    <ClCompile Include="SceneManager.cpp">
      <Filter>Source Files</Filter>
    </ClCompile>
  </ItemGroup>
  <ItemGroup>
    <ClInclude Include="Transform.h">
      <Filter>Header Files</Filter>
    </ClInclude>
    <ClInclude Include="Timer.h">
      <Filter>Header Files</Filter>
    </ClInclude>
    <ClInclude Include="Game.h">
      <Filter>Header Files</Filter>
    </ClInclude>
    <ClInclude Include="Mesh.h">
      <Filter>Header Files</Filter>
    </ClInclude>
    <ClInclude Include="ShaderProgram.h">
      <Filter>Header Files</Filter>
    </ClInclude>
    <ClInclude Include="GameObject.h">
      <Filter>Header Files</Filter>
    </ClInclude>
    <ClInclude Include="ObjectLoader.h">
      <Filter>Header Files</Filter>
    </ClInclude>
    <ClInclude Include="Bounds.h">
      <Filter>Header Files</Filter>
    </ClInclude>
    <ClInclude Include="MeshBounds.h">
      <Filter>Header Files</Filter>
    </ClInclude>
    <ClInclude Include="ColliderBounds.h">
      <Filter>Header Files</Filter>
    </ClInclude>
    <ClInclude Include="PhysicsBody.h">
      <Filter>Header Files</Filter>
    </ClInclude>
    <ClInclude Include="include\MathLib\Matrix33.h">
      <Filter>Header Files\MathLib</Filter>
    </ClInclude>
    <ClInclude Include="include\MathLib\Matrix44.h">
      <Filter>Header Files\MathLib</Filter>
    </ClInclude>
    <ClInclude Include="include\MathLib\Vector2.h">
      <Filter>Header Files\MathLib</Filter>
    </ClInclude>
    <ClInclude Include="include\MathLib\Vector3.h">
      <Filter>Header Files\MathLib</Filter>
    </ClInclude>
    <ClInclude Include="include\MathLib\Vector4.h">
      <Filter>Header Files\MathLib</Filter>
    </ClInclude>
    <ClInclude Include="include\MathLib\MathLibCore.h">
      <Filter>Header Files\MathLib</Filter>
    </ClInclude>
    <ClInclude Include="Texture.h">
      <Filter>Header Files</Filter>
    </ClInclude>
    <ClInclude Include="include\imgui\imconfig.h">
      <Filter>Header Files\imgui</Filter>
    </ClInclude>
    <ClInclude Include="include\imgui\imgui.h">
      <Filter>Header Files\imgui</Filter>
    </ClInclude>
    <ClInclude Include="include\imgui\imgui_impl_freeglut.h">
      <Filter>Header Files\imgui</Filter>
    </ClInclude>
    <ClInclude Include="include\imgui\imgui_internal.h">
      <Filter>Header Files\imgui</Filter>
    </ClInclude>
    <ClInclude Include="include\imgui\imstb_rectpack.h">
      <Filter>Header Files\imgui</Filter>
    </ClInclude>
    <ClInclude Include="include\imgui\imstb_textedit.h">
      <Filter>Header Files\imgui</Filter>
    </ClInclude>
    <ClInclude Include="include\imgui\imstb_truetype.h">
      <Filter>Header Files\imgui</Filter>
    </ClInclude>
    <ClInclude Include="GUIHelper.h">
      <Filter>Header Files\imgui</Filter>
    </ClInclude>
    <ClInclude Include="include\imgui\imgui_impl_opengl3.h">
      <Filter>Header Files\imgui</Filter>
    </ClInclude>
    <ClInclude Include="Light.h">
      <Filter>Header Files</Filter>
    </ClInclude>
    <ClInclude Include="PhysicsManager.h">
      <Filter>Header Files</Filter>
    </ClInclude>
    <ClInclude Include="ParticleEmitter.h">
      <Filter>Header Files</Filter>
    </ClInclude>
    <ClInclude Include="Animation.h">
      <Filter>Header Files</Filter>
    </ClInclude>
    <ClInclude Include="Component.h">
      <Filter>Header Files\EntitySystem\Components</Filter>
    </ClInclude>
    <ClInclude Include="Entity.h">
      <Filter>Header Files\EntitySystem\Base</Filter>
    </ClInclude>
    <ClInclude Include="EntityManager.h">
      <Filter>Header Files\EntitySystem\Base</Filter>
    </ClInclude>
    <ClInclude Include="System.h">
      <Filter>Header Files\EntitySystem\Systems</Filter>
    </ClInclude>
    <ClInclude Include="TransformComponent.h">
      <Filter>Header Files\EntitySystem\Components</Filter>
    </ClInclude>
    <ClInclude Include="PhysicsBodyComponent.h">
      <Filter>Header Files\EntitySystem\Components</Filter>
    </ClInclude>
    <ClInclude Include="MeshRendererComponent.h">
      <Filter>Header Files\EntitySystem\Components</Filter>
    </ClInclude>
    <ClInclude Include="MeshRendererSystem.h">
      <Filter>Header Files\EntitySystem\Systems</Filter>
    </ClInclude>
    <ClInclude Include="TransformSystem.h">
      <Filter>Header Files\EntitySystem\Systems</Filter>
    </ClInclude>
    <ClInclude Include="EntityFactory.h">
      <Filter>Header Files\EntitySystem\Base</Filter>
    </ClInclude>
    <ClInclude Include="PhysicsSystem.h">
      <Filter>Header Files\EntitySystem\Systems</Filter>
    </ClInclude>
    <ClInclude Include="CameraComponent.h">
      <Filter>Header Files\EntitySystem\Components</Filter>
    </ClInclude>
    <ClInclude Include="LightComponent.h">
      <Filter>Header Files\EntitySystem\Components</Filter>
    </ClInclude>
    <ClInclude Include="Scene.h">
      <Filter>Header Files</Filter>
    </ClInclude>
    <ClInclude Include="SceneManager.h">
      <Filter>Header Files</Filter>
    </ClInclude>
  </ItemGroup>
</Project>